
Microsoft Visual Studio Solution File, Format Version 12.00
# Visual Studio Version 16
VisualStudioVersion = 16.0.30611.23
MinimumVisualStudioVersion = 10.0.40219.1
Project("{FAE04EC0-301F-11D3-BF4B-00C04F79EFBC}") = "NewDevGuide.Web", "NewDevGuide.Web\NewDevGuide.Web.csproj", "{94EC7170-9590-4316-A32D-A9C91AC73CE1}"
EndProject
Project("{FAE04EC0-301F-11D3-BF4B-00C04F79EFBC}") = "NewDevGuide.DTO", "NewDevGuide.DTO\NewDevGuide.DTO.csproj", "{7DA6D9C0-3279-45B2-9AFD-A9B14A9B4C62}"
EndProject
Global
	GlobalSection(SolutionConfigurationPlatforms) = preSolution
		Debug|Any CPU = Debug|Any CPU
		Release|Any CPU = Release|Any CPU
	EndGlobalSection
	GlobalSection(ProjectConfigurationPlatforms) = postSolution
		{94EC7170-9590-4316-A32D-A9C91AC73CE1}.Debug|Any CPU.ActiveCfg = Debug|Any CPU
		{94EC7170-9590-4316-A32D-A9C91AC73CE1}.Debug|Any CPU.Build.0 = Debug|Any CPU
		{94EC7170-9590-4316-A32D-A9C91AC73CE1}.Release|Any CPU.ActiveCfg = Release|Any CPU
		{94EC7170-9590-4316-A32D-A9C91AC73CE1}.Release|Any CPU.Build.0 = Release|Any CPU
		{7DA6D9C0-3279-45B2-9AFD-A9B14A9B4C62}.Debug|Any CPU.ActiveCfg = Debug|Any CPU
		{7DA6D9C0-3279-45B2-9AFD-A9B14A9B4C62}.Debug|Any CPU.Build.0 = Debug|Any CPU
		{7DA6D9C0-3279-45B2-9AFD-A9B14A9B4C62}.Release|Any CPU.ActiveCfg = Release|Any CPU
		{7DA6D9C0-3279-45B2-9AFD-A9B14A9B4C62}.Release|Any CPU.Build.0 = Release|Any CPU
	EndGlobalSection
	GlobalSection(SolutionProperties) = preSolution
		HideSolutionNode = FALSE
	EndGlobalSection
	GlobalSection(ExtensibilityGlobals) = postSolution
		SolutionGuid = {201170F3-F1A8-4BB3-8956-5B81AC62E1DA}
	EndGlobalSection
EndGlobal
